
Microsoft Visual Studio Solution File, Format Version 12.00
# Visual Studio 2013
VisualStudioVersion = 12.0.21005.1
MinimumVisualStudioVersion = 10.0.40219.1
Project("{FAE04EC0-301F-11D3-BF4B-00C04F79EFBC}") = "FactoryPattern", "DesignPattern\FactoryPattern.csproj", "{D75A96A7-8CD6-4EB5-95CE-51004E544ED6}"
EndProject
Project("{FAE04EC0-301F-11D3-BF4B-00C04F79EFBC}") = "AbstractFactoryPattern", "AbstractFactoryPattern\AbstractFactoryPattern.csproj", "{FF4E4D79-04E7-4846-B73F-143D9EC1B0C5}"
EndProject
Project("{FAE04EC0-301F-11D3-BF4B-00C04F79EFBC}") = "SingletonPattern", "SingletonPattern\SingletonPattern.csproj", "{3E25DFEC-E06F-4274-8080-71E34415C83B}"
EndProject
Project("{FAE04EC0-301F-11D3-BF4B-00C04F79EFBC}") = "PrototypePattern", "PrototypePattern\PrototypePattern.csproj", "{0749E481-9D97-4CB8-A3F0-555857ED11E8}"
EndProject
Project("{FAE04EC0-301F-11D3-BF4B-00C04F79EFBC}") = "BuilderPattern", "BuilderPattern\BuilderPattern.csproj", "{B9D801CB-2C02-4C4C-84AB-0335FFFEDD8E}"
EndProject
Project("{2150E333-8FDC-42A3-9474-1A3956D46DE8}") = "Creational", "Creational", "{4767471A-0F4D-4E22-A02C-4AA1A1069CA5}"
EndProject
Project("{2150E333-8FDC-42A3-9474-1A3956D46DE8}") = "Structural", "Structural", "{473D6A1C-842B-4C44-95D8-816235E7568E}"
EndProject
Project("{2150E333-8FDC-42A3-9474-1A3956D46DE8}") = "Behavioral", "Behavioral", "{DACCA6A0-0B23-440E-BE7D-2D4C70BEE8DA}"
EndProject
Project("{FAE04EC0-301F-11D3-BF4B-00C04F79EFBC}") = "AdapterPattern", "Adapter\AdapterPattern.csproj", "{363E46EB-DE46-46A7-BE44-BD4BFB8A1FB3}"
EndProject
Project("{FAE04EC0-301F-11D3-BF4B-00C04F79EFBC}") = "BridgePattern", "BridgePattern\BridgePattern.csproj", "{F3D91CA8-A360-40B9-A5C0-D53B414C4A0A}"
EndProject
Global
	GlobalSection(SolutionConfigurationPlatforms) = preSolution
		Debug|Any CPU = Debug|Any CPU
		Release|Any CPU = Release|Any CPU
	EndGlobalSection
	GlobalSection(ProjectConfigurationPlatforms) = postSolution
		{D75A96A7-8CD6-4EB5-95CE-51004E544ED6}.Debug|Any CPU.ActiveCfg = Debug|Any CPU
		{D75A96A7-8CD6-4EB5-95CE-51004E544ED6}.Debug|Any CPU.Build.0 = Debug|Any CPU
		{D75A96A7-8CD6-4EB5-95CE-51004E544ED6}.Release|Any CPU.ActiveCfg = Release|Any CPU
		{D75A96A7-8CD6-4EB5-95CE-51004E544ED6}.Release|Any CPU.Build.0 = Release|Any CPU
		{FF4E4D79-04E7-4846-B73F-143D9EC1B0C5}.Debug|Any CPU.ActiveCfg = Debug|Any CPU
		{FF4E4D79-04E7-4846-B73F-143D9EC1B0C5}.Debug|Any CPU.Build.0 = Debug|Any CPU
		{FF4E4D79-04E7-4846-B73F-143D9EC1B0C5}.Release|Any CPU.ActiveCfg = Release|Any CPU
		{FF4E4D79-04E7-4846-B73F-143D9EC1B0C5}.Release|Any CPU.Build.0 = Release|Any CPU
		{3E25DFEC-E06F-4274-8080-71E34415C83B}.Debug|Any CPU.ActiveCfg = Debug|Any CPU
		{3E25DFEC-E06F-4274-8080-71E34415C83B}.Debug|Any CPU.Build.0 = Debug|Any CPU
		{3E25DFEC-E06F-4274-8080-71E34415C83B}.Release|Any CPU.ActiveCfg = Release|Any CPU
		{3E25DFEC-E06F-4274-8080-71E34415C83B}.Release|Any CPU.Build.0 = Release|Any CPU
		{0749E481-9D97-4CB8-A3F0-555857ED11E8}.Debug|Any CPU.ActiveCfg = Debug|Any CPU
		{0749E481-9D97-4CB8-A3F0-555857ED11E8}.Debug|Any CPU.Build.0 = Debug|Any CPU
		{0749E481-9D97-4CB8-A3F0-555857ED11E8}.Release|Any CPU.ActiveCfg = Release|Any CPU
		{0749E481-9D97-4CB8-A3F0-555857ED11E8}.Release|Any CPU.Build.0 = Release|Any CPU
		{B9D801CB-2C02-4C4C-84AB-0335FFFEDD8E}.Debug|Any CPU.ActiveCfg = Debug|Any CPU
		{B9D801CB-2C02-4C4C-84AB-0335FFFEDD8E}.Debug|Any CPU.Build.0 = Debug|Any CPU
		{B9D801CB-2C02-4C4C-84AB-0335FFFEDD8E}.Release|Any CPU.ActiveCfg = Release|Any CPU
		{B9D801CB-2C02-4C4C-84AB-0335FFFEDD8E}.Release|Any CPU.Build.0 = Release|Any CPU
		{363E46EB-DE46-46A7-BE44-BD4BFB8A1FB3}.Debug|Any CPU.ActiveCfg = Debug|Any CPU
		{363E46EB-DE46-46A7-BE44-BD4BFB8A1FB3}.Debug|Any CPU.Build.0 = Debug|Any CPU
		{363E46EB-DE46-46A7-BE44-BD4BFB8A1FB3}.Release|Any CPU.ActiveCfg = Release|Any CPU
		{363E46EB-DE46-46A7-BE44-BD4BFB8A1FB3}.Release|Any CPU.Build.0 = Release|Any CPU
		{F3D91CA8-A360-40B9-A5C0-D53B414C4A0A}.Debug|Any CPU.ActiveCfg = Debug|Any CPU
		{F3D91CA8-A360-40B9-A5C0-D53B414C4A0A}.Debug|Any CPU.Build.0 = Debug|Any CPU
		{F3D91CA8-A360-40B9-A5C0-D53B414C4A0A}.Release|Any CPU.ActiveCfg = Release|Any CPU
		{F3D91CA8-A360-40B9-A5C0-D53B414C4A0A}.Release|Any CPU.Build.0 = Release|Any CPU
	EndGlobalSection
	GlobalSection(SolutionProperties) = preSolution
		HideSolutionNode = FALSE
	EndGlobalSection
	GlobalSection(NestedProjects) = preSolution
		{FF4E4D79-04E7-4846-B73F-143D9EC1B0C5} = {4767471A-0F4D-4E22-A02C-4AA1A1069CA5}
		{3E25DFEC-E06F-4274-8080-71E34415C83B} = {4767471A-0F4D-4E22-A02C-4AA1A1069CA5}
		{0749E481-9D97-4CB8-A3F0-555857ED11E8} = {4767471A-0F4D-4E22-A02C-4AA1A1069CA5}
		{B9D801CB-2C02-4C4C-84AB-0335FFFEDD8E} = {4767471A-0F4D-4E22-A02C-4AA1A1069CA5}
		{D75A96A7-8CD6-4EB5-95CE-51004E544ED6} = {4767471A-0F4D-4E22-A02C-4AA1A1069CA5}
		{363E46EB-DE46-46A7-BE44-BD4BFB8A1FB3} = {473D6A1C-842B-4C44-95D8-816235E7568E}
		{F3D91CA8-A360-40B9-A5C0-D53B414C4A0A} = {473D6A1C-842B-4C44-95D8-816235E7568E}
	EndGlobalSection
EndGlobal
